
Microsoft Visual Studio Solution File, Format Version 12.00
# Visual Studio 2012
Project("{FAE04EC0-301F-11D3-BF4B-00C04F79EFBC}") = "Ajedrez", "Ajedrez\Ajedrez.csproj", "{4320DA3A-3A55-41DD-A886-F8AE378B1532}"
EndProject
Global
	GlobalSection(SolutionConfigurationPlatforms) = preSolution
		Debug|x86 = Debug|x86
		Release|x86 = Release|x86
	EndGlobalSection
	GlobalSection(ProjectConfigurationPlatforms) = postSolution
		{4320DA3A-3A55-41DD-A886-F8AE378B1532}.Debug|x86.ActiveCfg = Debug|x86
		{4320DA3A-3A55-41DD-A886-F8AE378B1532}.Debug|x86.Build.0 = Debug|x86
		{4320DA3A-3A55-41DD-A886-F8AE378B1532}.Release|x86.ActiveCfg = Release|x86
		{4320DA3A-3A55-41DD-A886-F8AE378B1532}.Release|x86.Build.0 = Release|x86
	EndGlobalSection
EndGlobal
